// !$*UTF8*$!
{
	archiveVersion = 1;
	classes = {
	};
	objectVersion = 46;
	objects = {

/* Begin PBXBuildFile section */
		33EF5AE31D3D508500437D82 /* AppDelegate.swift in Sources */ = {isa = PBXBuildFile; fileRef = 33EF5AE21D3D508500437D82 /* AppDelegate.swift */; };
		33EF5AE51D3D508600437D82 /* MasterViewController.swift in Sources */ = {isa = PBXBuildFile; fileRef = 33EF5AE41D3D508600437D82 /* MasterViewController.swift */; };
		33EF5AE71D3D508600437D82 /* DetailViewController.swift in Sources */ = {isa = PBXBuildFile; fileRef = 33EF5AE61D3D508600437D82 /* DetailViewController.swift */; };
		33EF5AEA1D3D508600437D82 /* Main.storyboard in Resources */ = {isa = PBXBuildFile; fileRef = 33EF5AE81D3D508600437D82 /* Main.storyboard */; };
		33EF5AEC1D3D508600437D82 /* Assets.xcassets in Resources */ = {isa = PBXBuildFile; fileRef = 33EF5AEB1D3D508600437D82 /* Assets.xcassets */; };
		33EF5AEF1D3D508600437D82 /* LaunchScreen.storyboard in Resources */ = {isa = PBXBuildFile; fileRef = 33EF5AED1D3D508600437D82 /* LaunchScreen.storyboard */; };
		33EF5AFA1D3D508600437D82 /* Inclass1Tests.swift in Sources */ = {isa = PBXBuildFile; fileRef = 33EF5AF91D3D508600437D82 /* Inclass1Tests.swift */; };
		33EF5B051D3D508700437D82 /* Inclass1UITests.swift in Sources */ = {isa = PBXBuildFile; fileRef = 33EF5B041D3D508700437D82 /* Inclass1UITests.swift */; };
/* End PBXBuildFile section */

/* Begin PBXContainerItemProxy section */
		33EF5AF61D3D508600437D82 /* PBXContainerItemProxy */ = {
			isa = PBXContainerItemProxy;
			containerPortal = 33EF5AD71D3D508500437D82 /* Project object */;
			proxyType = 1;
			remoteGlobalIDString = 33EF5ADE1D3D508500437D82;
			remoteInfo = Inclass1;
		};
		33EF5B011D3D508600437D82 /* PBXContainerItemProxy */ = {
			isa = PBXContainerItemProxy;
			containerPortal = 33EF5AD71D3D508500437D82 /* Project object */;
			proxyType = 1;
			remoteGlobalIDString = 33EF5ADE1D3D508500437D82;
			remoteInfo = Inclass1;
		};
/* End PBXContainerItemProxy section */

/* Begin PBXFileReference section */
		33EF5ADF1D3D508500437D82 /* Inclass1.app */ = {isa = PBXFileReference; explicitFileType = wrapper.application; includeInIndex = 0; path = Inclass1.app; sourceTree = BUILT_PRODUCTS_DIR; };
		33EF5AE21D3D508500437D82 /* AppDelegate.swift */ = {isa = PBXFileReference; lastKnownFileType = sourcecode.swift; path = AppDelegate.swift; sourceTree = "<group>"; };
		33EF5AE41D3D508600437D82 /* MasterViewController.swift */ = {isa = PBXFileReference; lastKnownFileType = sourcecode.swift; path = MasterViewController.swift; sourceTree = "<group>"; };
		33EF5AE61D3D508600437D82 /* DetailViewController.swift */ = {isa = PBXFileReference; lastKnownFileType = sourcecode.swift; path = DetailViewController.swift; sourceTree = "<group>"; };
		33EF5AE91D3D508600437D82 /* Base */ = {isa = PBXFileReference; lastKnownFileType = file.storyboard; name = Base; path = Base.lproj/Main.storyboard; sourceTree = "<group>"; };
		33EF5AEB1D3D508600437D82 /* Assets.xcassets */ = {isa = PBXFileReference; lastKnownFileType = folder.assetcatalog; path = Assets.xcassets; sourceTree = "<group>"; };
		33EF5AEE1D3D508600437D82 /* Base */ = {isa = PBXFileReference; lastKnownFileType = file.storyboard; name = Base; path = Base.lproj/LaunchScreen.storyboard; sourceTree = "<group>"; };
		33EF5AF01D3D508600437D82 /* Info.plist */ = {isa = PBXFileReference; lastKnownFileType = text.plist.xml; path = Info.plist; sourceTree = "<group>"; };
		33EF5AF51D3D508600437D82 /* Inclass1Tests.xctest */ = {isa = PBXFileReference; explicitFileType = wrapper.cfbundle; includeInIndex = 0; path = Inclass1Tests.xctest; sourceTree = BUILT_PRODUCTS_DIR; };
		33EF5AF91D3D508600437D82 /* Inclass1Tests.swift */ = {isa = PBXFileReference; lastKnownFileType = sourcecode.swift; path = Inclass1Tests.swift; sourceTree = "<group>"; };
		33EF5AFB1D3D508600437D82 /* Info.plist */ = {isa = PBXFileReference; lastKnownFileType = text.plist.xml; path = Info.plist; sourceTree = "<group>"; };
		33EF5B001D3D508600437D82 /* Inclass1UITests.xctest */ = {isa = PBXFileReference; explicitFileType = wrapper.cfbundle; includeInIndex = 0; path = Inclass1UITests.xctest; sourceTree = BUILT_PRODUCTS_DIR; };
		33EF5B041D3D508700437D82 /* Inclass1UITests.swift */ = {isa = PBXFileReference; lastKnownFileType = sourcecode.swift; path = Inclass1UITests.swift; sourceTree = "<group>"; };
		33EF5B061D3D508700437D82 /* Info.plist */ = {isa = PBXFileReference; lastKnownFileType = text.plist.xml; path = Info.plist; sourceTree = "<group>"; };
/* End PBXFileReference section */

/* Begin PBXFrameworksBuildPhase section */
		33EF5ADC1D3D508500437D82 /* Frameworks */ = {
			isa = PBXFrameworksBuildPhase;
			buildActionMask = 2147483647;
			files = (
			);
			runOnlyForDeploymentPostprocessing = 0;
		};
		33EF5AF21D3D508600437D82 /* Frameworks */ = {
			isa = PBXFrameworksBuildPhase;
			buildActionMask = 2147483647;
			files = (
			);
			runOnlyForDeploymentPostprocessing = 0;
		};
		33EF5AFD1D3D508600437D82 /* Frameworks */ = {
			isa = PBXFrameworksBuildPhase;
			buildActionMask = 2147483647;
			files = (
			);
			runOnlyForDeploymentPostprocessing = 0;
		};
/* End PBXFrameworksBuildPhase section */

/* Begin PBXGroup section */
		33EF5AD61D3D508500437D82 = {
			isa = PBXGroup;
			children = (
				33EF5AE11D3D508500437D82 /* Inclass1 */,
				33EF5AF81D3D508600437D82 /* Inclass1Tests */,
				33EF5B031D3D508600437D82 /* Inclass1UITests */,
				33EF5AE01D3D508500437D82 /* Products */,
			);
			sourceTree = "<group>";
		};
		33EF5AE01D3D508500437D82 /* Products */ = {
			isa = PBXGroup;
			children = (
				33EF5ADF1D3D508500437D82 /* Inclass1.app */,
				33EF5AF51D3D508600437D82 /* Inclass1Tests.xctest */,
				33EF5B001D3D508600437D82 /* Inclass1UITests.xctest */,
			);
			name = Products;
			sourceTree = "<group>";
		};
		33EF5AE11D3D508500437D82 /* Inclass1 */ = {
			isa = PBXGroup;
			children = (
				33EF5AE21D3D508500437D82 /* AppDelegate.swift */,
				33EF5AE41D3D508600437D82 /* MasterViewController.swift */,
				33EF5AE61D3D508600437D82 /* DetailViewController.swift */,
				33EF5AE81D3D508600437D82 /* Main.storyboard */,
				33EF5AEB1D3D508600437D82 /* Assets.xcassets */,
				33EF5AED1D3D508600437D82 /* LaunchScreen.storyboard */,
				33EF5AF01D3D508600437D82 /* Info.plist */,
			);
			path = Inclass1;
			sourceTree = "<group>";
		};
		33EF5AF81D3D508600437D82 /* Inclass1Tests */ = {
			isa = PBXGroup;
			children = (
				33EF5AF91D3D508600437D82 /* Inclass1Tests.swift */,
				33EF5AFB1D3D508600437D82 /* Info.plist */,
			);
			path = Inclass1Tests;
			sourceTree = "<group>";
		};
		33EF5B031D3D508600437D82 /* Inclass1UITests */ = {
			isa = PBXGroup;
			children = (
				33EF5B041D3D508700437D82 /* Inclass1UITests.swift */,
				33EF5B061D3D508700437D82 /* Info.plist */,
			);
			path = Inclass1UITests;
			sourceTree = "<group>";
		};
/* End PBXGroup section */

/* Begin PBXNativeTarget section */
		33EF5ADE1D3D508500437D82 /* Inclass1 */ = {
			isa = PBXNativeTarget;
			buildConfigurationList = 33EF5B091D3D508700437D82 /* Build configuration list for PBXNativeTarget "Inclass1" */;
			buildPhases = (
				33EF5ADB1D3D508500437D82 /* Sources */,
				33EF5ADC1D3D508500437D82 /* Frameworks */,
				33EF5ADD1D3D508500437D82 /* Resources */,
			);
			buildRules = (
			);
			dependencies = (
			);
			name = Inclass1;
			productName = Inclass1;
			productReference = 33EF5ADF1D3D508500437D82 /* Inclass1.app */;
			productType = "com.apple.product-type.application";
		};
		33EF5AF41D3D508600437D82 /* Inclass1Tests */ = {
			isa = PBXNativeTarget;
			buildConfigurationList = 33EF5B0C1D3D508700437D82 /* Build configuration list for PBXNativeTarget "Inclass1Tests" */;
			buildPhases = (
				33EF5AF11D3D508600437D82 /* Sources */,
				33EF5AF21D3D508600437D82 /* Frameworks */,
				33EF5AF31D3D508600437D82 /* Resources */,
			);
			buildRules = (
			);
			dependencies = (
				33EF5AF71D3D508600437D82 /* PBXTargetDependency */,
			);
			name = Inclass1Tests;
			productName = Inclass1Tests;
			productReference = 33EF5AF51D3D508600437D82 /* Inclass1Tests.xctest */;
			productType = "com.apple.product-type.bundle.unit-test";
		};
		33EF5AFF1D3D508600437D82 /* Inclass1UITests */ = {
			isa = PBXNativeTarget;
			buildConfigurationList = 33EF5B0F1D3D508700437D82 /* Build configuration list for PBXNativeTarget "Inclass1UITests" */;
			buildPhases = (
				33EF5AFC1D3D508600437D82 /* Sources */,
				33EF5AFD1D3D508600437D82 /* Frameworks */,
				33EF5AFE1D3D508600437D82 /* Resources */,
			);
			buildRules = (
			);
			dependencies = (
				33EF5B021D3D508600437D82 /* PBXTargetDependency */,
			);
			name = Inclass1UITests;
			productName = Inclass1UITests;
			productReference = 33EF5B001D3D508600437D82 /* Inclass1UITests.xctest */;
			productType = "com.apple.product-type.bundle.ui-testing";
		};
/* End PBXNativeTarget section */

/* Begin PBXProject section */
		33EF5AD71D3D508500437D82 /* Project object */ = {
			isa = PBXProject;
			attributes = {
				LastSwiftUpdateCheck = 0730;
				LastUpgradeCheck = 0730;
				ORGANIZATIONNAME = "GVSU School of Computing";
				TargetAttributes = {
					33EF5ADE1D3D508500437D82 = {
						CreatedOnToolsVersion = 7.3.1;
					};
					33EF5AF41D3D508600437D82 = {
						CreatedOnToolsVersion = 7.3.1;
						TestTargetID = 33EF5ADE1D3D508500437D82;
					};
					33EF5AFF1D3D508600437D82 = {
						CreatedOnToolsVersion = 7.3.1;
						TestTargetID = 33EF5ADE1D3D508500437D82;
					};
				};
			};
			buildConfigurationList = 33EF5ADA1D3D508500437D82 /* Build configuration list for PBXProject "Inclass1" */;
			compatibilityVersion = "Xcode 3.2";
			developmentRegion = English;
			hasScannedForEncodings = 0;
			knownRegions = (
				en,
				Base,
			);
			mainGroup = 33EF5AD61D3D508500437D82;
			productRefGroup = 33EF5AE01D3D508500437D82 /* Products */;
			projectDirPath = "";
			projectRoot = "";
			targets = (
				33EF5ADE1D3D508500437D82 /* Inclass1 */,
				33EF5AF41D3D508600437D82 /* Inclass1Tests */,
				33EF5AFF1D3D508600437D82 /* Inclass1UITests */,
			);
		};
/* End PBXProject section */

/* Begin PBXResourcesBuildPhase section */
		33EF5ADD1D3D508500437D82 /* Resources */ = {
			isa = PBXResourcesBuildPhase;
			buildActionMask = 2147483647;
			files = (
				33EF5AEF1D3D508600437D82 /* LaunchScreen.storyboard in Resources */,
				33EF5AEC1D3D508600437D82 /* Assets.xcassets in Resources */,
				33EF5AEA1D3D508600437D82 /* Main.storyboard in Resources */,
			);
			runOnlyForDeploymentPostprocessing = 0;
		};
		33EF5AF31D3D508600437D82 /* Resources */ = {
			isa = PBXResourcesBuildPhase;
			buildActionMask = 2147483647;
			files = (
			);
			runOnlyForDeploymentPostprocessing = 0;
		};
		33EF5AFE1D3D508600437D82 /* Resources */ = {
			isa = PBXResourcesBuildPhase;
			buildActionMask = 2147483647;
			files = (
			);
			runOnlyForDeploymentPostprocessing = 0;
		};
/* End PBXResourcesBuildPhase section */

/* Begin PBXSourcesBuildPhase section */
		33EF5ADB1D3D508500437D82 /* Sources */ = {
			isa = PBXSourcesBuildPhase;
			buildActionMask = 2147483647;
			files = (
				33EF5AE71D3D508600437D82 /* DetailViewController.swift in Sources */,
				33EF5AE51D3D508600437D82 /* MasterViewController.swift in Sources */,
				33EF5AE31D3D508500437D82 /* AppDelegate.swift in Sources */,
			);
			runOnlyForDeploymentPostprocessing = 0;
		};
		33EF5AF11D3D508600437D82 /* Sources */ = {
			isa = PBXSourcesBuildPhase;
			buildActionMask = 2147483647;
			files = (
				33EF5AFA1D3D508600437D82 /* Inclass1Tests.swift in Sources */,
			);
			runOnlyForDeploymentPostprocessing = 0;
		};
		33EF5AFC1D3D508600437D82 /* Sources */ = {
			isa = PBXSourcesBuildPhase;
			buildActionMask = 2147483647;
			files = (
				33EF5B051D3D508700437D82 /* Inclass1UITests.swift in Sources */,
			);
			runOnlyForDeploymentPostprocessing = 0;
		};
/* End PBXSourcesBuildPhase section */

/* Begin PBXTargetDependency section */
		33EF5AF71D3D508600437D82 /* PBXTargetDependency */ = {
			isa = PBXTargetDependency;
			target = 33EF5ADE1D3D508500437D82 /* Inclass1 */;
			targetProxy = 33EF5AF61D3D508600437D82 /* PBXContainerItemProxy */;
		};
		33EF5B021D3D508600437D82 /* PBXTargetDependency */ = {
			isa = PBXTargetDependency;
			target = 33EF5ADE1D3D508500437D82 /* Inclass1 */;
			targetProxy = 33EF5B011D3D508600437D82 /* PBXContainerItemProxy */;
		};
/* End PBXTargetDependency section */

/* Begin PBXVariantGroup section */
		33EF5AE81D3D508600437D82 /* Main.storyboard */ = {
			isa = PBXVariantGroup;
			children = (
				33EF5AE91D3D508600437D82 /* Base */,
			);
			name = Main.storyboard;
			sourceTree = "<group>";
		};
		33EF5AED1D3D508600437D82 /* LaunchScreen.storyboard */ = {
			isa = PBXVariantGroup;
			children = (
				33EF5AEE1D3D508600437D82 /* Base */,
			);
			name = LaunchScreen.storyboard;
			sourceTree = "<group>";
		};
/* End PBXVariantGroup section */

/* Begin XCBuildConfiguration section */
		33EF5B071D3D508700437D82 /* Debug */ = {
			isa = XCBuildConfiguration;
			buildSettings = {
				ALWAYS_SEARCH_USER_PATHS = NO;
				CLANG_ANALYZER_NONNULL = YES;
				CLANG_CXX_LANGUAGE_STANDARD = "gnu++0x";
				CLANG_CXX_LIBRARY = "libc++";
				CLANG_ENABLE_MODULES = YES;
				CLANG_ENABLE_OBJC_ARC = YES;
				CLANG_WARN_BOOL_CONVERSION = YES;
				CLANG_WARN_CONSTANT_CONVERSION = YES;
				CLANG_WARN_DIRECT_OBJC_ISA_USAGE = YES_ERROR;
				CLANG_WARN_EMPTY_BODY = YES;
				CLANG_WARN_ENUM_CONVERSION = YES;
				CLANG_WARN_INT_CONVERSION = YES;
				CLANG_WARN_OBJC_ROOT_CLASS = YES_ERROR;
				CLANG_WARN_UNREACHABLE_CODE = YES;
				CLANG_WARN__DUPLICATE_METHOD_MATCH = YES;
				"CODE_SIGN_IDENTITY[sdk=iphoneos*]" = "iPhone Developer";
				COPY_PHASE_STRIP = NO;
				DEBUG_INFORMATION_FORMAT = dwarf;
				ENABLE_STRICT_OBJC_MSGSEND = YES;
				ENABLE_TESTABILITY = YES;
				GCC_C_LANGUAGE_STANDARD = gnu99;
				GCC_DYNAMIC_NO_PIC = NO;
				GCC_NO_COMMON_BLOCKS = YES;
				GCC_OPTIMIZATION_LEVEL = 0;
				GCC_PREPROCESSOR_DEFINITIONS = (
					"DEBUG=1",
					"$(inherited)",
				);
				GCC_WARN_64_TO_32_BIT_CONVERSION = YES;
				GCC_WARN_ABOUT_RETURN_TYPE = YES_ERROR;
				GCC_WARN_UNDECLARED_SELECTOR = YES;
				GCC_WARN_UNINITIALIZED_AUTOS = YES_AGGRESSIVE;
				GCC_WARN_UNUSED_FUNCTION = YES;
				GCC_WARN_UNUSED_VARIABLE = YES;
				IPHONEOS_DEPLOYMENT_TARGET = 9.3;
				MTL_ENABLE_DEBUG_INFO = YES;
				ONLY_ACTIVE_ARCH = YES;
				SDKROOT = iphoneos;
				SWIFT_OPTIMIZATION_LEVEL = "-Onone";
			};
			name = Debug;
		};
		33EF5B081D3D508700437D82 /* Release */ = {
			isa = XCBuildConfiguration;
			buildSettings = {
				ALWAYS_SEARCH_USER_PATHS = NO;
				CLANG_ANALYZER_NONNULL = YES;
				CLANG_CXX_LANGUAGE_STANDARD = "gnu++0x";
				CLANG_CXX_LIBRARY = "libc++";
				CLANG_ENABLE_MODULES = YES;
				CLANG_ENABLE_OBJC_ARC = YES;
				CLANG_WARN_BOOL_CONVERSION = YES;
				CLANG_WARN_CONSTANT_CONVERSION = YES;
				CLANG_WARN_DIRECT_OBJC_ISA_USAGE = YES_ERROR;
				CLANG_WARN_EMPTY_BODY = YES;
				CLANG_WARN_ENUM_CONVERSION = YES;
				CLANG_WARN_INT_CONVERSION = YES;
				CLANG_WARN_OBJC_ROOT_CLASS = YES_ERROR;
				CLANG_WARN_UNREACHABLE_CODE = YES;
				CLANG_WARN__DUPLICATE_METHOD_MATCH = YES;
				"CODE_SIGN_IDENTITY[sdk=iphoneos*]" = "iPhone Developer";
				COPY_PHASE_STRIP = NO;
				DEBUG_INFORMATION_FORMAT = "dwarf-with-dsym";
				ENABLE_NS_ASSERTIONS = NO;
				ENABLE_STRICT_OBJC_MSGSEND = YES;
				GCC_C_LANGUAGE_STANDARD = gnu99;
				GCC_NO_COMMON_BLOCKS = YES;
				GCC_WARN_64_TO_32_BIT_CONVERSION = YES;
				GCC_WARN_ABOUT_RETURN_TYPE = YES_ERROR;
				GCC_WARN_UNDECLARED_SELECTOR = YES;
				GCC_WARN_UNINITIALIZED_AUTOS = YES_AGGRESSIVE;
				GCC_WARN_UNUSED_FUNCTION = YES;
				GCC_WARN_UNUSED_VARIABLE = YES;
				IPHONEOS_DEPLOYMENT_TARGET = 9.3;
				MTL_ENABLE_DEBUG_INFO = NO;
				SDKROOT = iphoneos;
				VALIDATE_PRODUCT = YES;
			};
			name = Release;
		};
		33EF5B0A1D3D508700437D82 /* Debug */ = {
			isa = XCBuildConfiguration;
			buildSettings = {
				ASSETCATALOG_COMPILER_APPICON_NAME = AppIcon;
				INFOPLIST_FILE = Inclass1/Info.plist;
				LD_RUNPATH_SEARCH_PATHS = "$(inherited) @executable_path/Frameworks";
				PRODUCT_BUNDLE_IDENTIFIER = edu.gvsu.cis.Inclass1;
				PRODUCT_NAME = "$(TARGET_NAME)";
			};
			name = Debug;
		};
		33EF5B0B1D3D508700437D82 /* Release */ = {
			isa = XCBuildConfiguration;
			buildSettings = {
				ASSETCATALOG_COMPILER_APPICON_NAME = AppIcon;
				INFOPLIST_FILE = Inclass1/Info.plist;
				LD_RUNPATH_SEARCH_PATHS = "$(inherited) @executable_path/Frameworks";
				PRODUCT_BUNDLE_IDENTIFIER = edu.gvsu.cis.Inclass1;
				PRODUCT_NAME = "$(TARGET_NAME)";
			};
			name = Release;
		};
		33EF5B0D1D3D508700437D82 /* Debug */ = {
			isa = XCBuildConfiguration;
			buildSettings = {
				BUNDLE_LOADER = "$(TEST_HOST)";
				INFOPLIST_FILE = Inclass1Tests/Info.plist;
				LD_RUNPATH_SEARCH_PATHS = "$(inherited) @executable_path/Frameworks @loader_path/Frameworks";
				PRODUCT_BUNDLE_IDENTIFIER = edu.gvsu.cis.Inclass1Tests;
				PRODUCT_NAME = "$(TARGET_NAME)";
				TEST_HOST = "$(BUILT_PRODUCTS_DIR)/Inclass1.app/Inclass1";
			};
			name = Debug;
		};
		33EF5B0E1D3D508700437D82 /* Release */ = {
			isa = XCBuildConfiguration;
			buildSettings = {
				BUNDLE_LOADER = "$(TEST_HOST)";
				INFOPLIST_FILE = Inclass1Tests/Info.plist;
				LD_RUNPATH_SEARCH_PATHS = "$(inherited) @executable_path/Frameworks @loader_path/Frameworks";
				PRODUCT_BUNDLE_IDENTIFIER = edu.gvsu.cis.Inclass1Tests;
				PRODUCT_NAME = "$(TARGET_NAME)";
				TEST_HOST = "$(BUILT_PRODUCTS_DIR)/Inclass1.app/Inclass1";
			};
			name = Release;
		};
		33EF5B101D3D508700437D82 /* Debug */ = {
			isa = XCBuildConfiguration;
			buildSettings = {
				INFOPLIST_FILE = Inclass1UITests/Info.plist;
				LD_RUNPATH_SEARCH_PATHS = "$(inherited) @executable_path/Frameworks @loader_path/Frameworks";
				PRODUCT_BUNDLE_IDENTIFIER = edu.gvsu.cis.Inclass1UITests;
				PRODUCT_NAME = "$(TARGET_NAME)";
				TEST_TARGET_NAME = Inclass1;
			};
			name = Debug;
		};
		33EF5B111D3D508700437D82 /* Release */ = {
			isa = XCBuildConfiguration;
			buildSettings = {
				INFOPLIST_FILE = Inclass1UITests/Info.plist;
				LD_RUNPATH_SEARCH_PATHS = "$(inherited) @executable_path/Frameworks @loader_path/Frameworks";
				PRODUCT_BUNDLE_IDENTIFIER = edu.gvsu.cis.Inclass1UITests;
				PRODUCT_NAME = "$(TARGET_NAME)";
				TEST_TARGET_NAME = Inclass1;
			};
			name = Release;
		};
/* End XCBuildConfiguration section */

/* Begin XCConfigurationList section */
		33EF5ADA1D3D508500437D82 /* Build configuration list for PBXProject "Inclass1" */ = {
			isa = XCConfigurationList;
			buildConfigurations = (
				33EF5B071D3D508700437D82 /* Debug */,
				33EF5B081D3D508700437D82 /* Release */,
			);
			defaultConfigurationIsVisible = 0;
			defaultConfigurationName = Release;
		};
		33EF5B091D3D508700437D82 /* Build configuration list for PBXNativeTarget "Inclass1" */ = {
			isa = XCConfigurationList;
			buildConfigurations = (
				33EF5B0A1D3D508700437D82 /* Debug */,
				33EF5B0B1D3D508700437D82 /* Release */,
			);
			defaultConfigurationIsVisible = 0;
		};
		33EF5B0C1D3D508700437D82 /* Build configuration list for PBXNativeTarget "Inclass1Tests" */ = {
			isa = XCConfigurationList;
			buildConfigurations = (
				33EF5B0D1D3D508700437D82 /* Debug */,
				33EF5B0E1D3D508700437D82 /* Release */,
			);
			defaultConfigurationIsVisible = 0;
		};
		33EF5B0F1D3D508700437D82 /* Build configuration list for PBXNativeTarget "Inclass1UITests" */ = {
			isa = XCConfigurationList;
			buildConfigurations = (
				33EF5B101D3D508700437D82 /* Debug */,
				33EF5B111D3D508700437D82 /* Release */,
			);
			defaultConfigurationIsVisible = 0;
		};
/* End XCConfigurationList section */
	};
	rootObject = 33EF5AD71D3D508500437D82 /* Project object */;
}
